// !$*UTF8*$!
{
	archiveVersion = 1;
	classes = {
	};
	objectVersion = 48;
	objects = {

/* Begin PBXBuildFile section */
		210148E8206EFF40007AE807 /* AppDelegate.swift in Sources */ = {isa = PBXBuildFile; fileRef = 210148E7206EFF40007AE807 /* AppDelegate.swift */; };
		210148EA206EFF40007AE807 /* FbAnimation.swift in Sources */ = {isa = PBXBuildFile; fileRef = 210148E9206EFF40007AE807 /* FbAnimation.swift */; };
		210148EF206EFF40007AE807 /* Assets.xcassets in Resources */ = {isa = PBXBuildFile; fileRef = 210148EE206EFF40007AE807 /* Assets.xcassets */; };
		210148F2206EFF40007AE807 /* LaunchScreen.storyboard in Resources */ = {isa = PBXBuildFile; fileRef = 210148F0206EFF40007AE807 /* LaunchScreen.storyboard */; };
		210148FA206EFFF0007AE807 /* CurvedView.swift in Sources */ = {isa = PBXBuildFile; fileRef = 210148F9206EFFF0007AE807 /* CurvedView.swift */; };
		210148FC206F2ED0007AE807 /* MagicalGrid.swift in Sources */ = {isa = PBXBuildFile; fileRef = 210148FB206F2ED0007AE807 /* MagicalGrid.swift */; };
/* End PBXBuildFile section */

/* Begin PBXFileReference section */
		210148E4206EFF40007AE807 /* fun-projects.app */ = {isa = PBXFileReference; explicitFileType = wrapper.application; includeInIndex = 0; path = "fun-projects.app"; sourceTree = BUILT_PRODUCTS_DIR; };
		210148E7206EFF40007AE807 /* AppDelegate.swift */ = {isa = PBXFileReference; lastKnownFileType = sourcecode.swift; path = AppDelegate.swift; sourceTree = "<group>"; };
		210148E9206EFF40007AE807 /* FbAnimation.swift */ = {isa = PBXFileReference; lastKnownFileType = sourcecode.swift; path = FbAnimation.swift; sourceTree = "<group>"; };
		210148EE206EFF40007AE807 /* Assets.xcassets */ = {isa = PBXFileReference; lastKnownFileType = folder.assetcatalog; path = Assets.xcassets; sourceTree = "<group>"; };
		210148F1206EFF40007AE807 /* Base */ = {isa = PBXFileReference; lastKnownFileType = file.storyboard; name = Base; path = Base.lproj/LaunchScreen.storyboard; sourceTree = "<group>"; };
		210148F3206EFF40007AE807 /* Info.plist */ = {isa = PBXFileReference; lastKnownFileType = text.plist.xml; path = Info.plist; sourceTree = "<group>"; };
		210148F9206EFFF0007AE807 /* CurvedView.swift */ = {isa = PBXFileReference; lastKnownFileType = sourcecode.swift; path = CurvedView.swift; sourceTree = "<group>"; };
		210148FB206F2ED0007AE807 /* MagicalGrid.swift */ = {isa = PBXFileReference; lastKnownFileType = sourcecode.swift; path = MagicalGrid.swift; sourceTree = "<group>"; };
/* End PBXFileReference section */

/* Begin PBXFrameworksBuildPhase section */
		210148E1206EFF40007AE807 /* Frameworks */ = {
			isa = PBXFrameworksBuildPhase;
			buildActionMask = 2147483647;
			files = (
			);
			runOnlyForDeploymentPostprocessing = 0;
		};
/* End PBXFrameworksBuildPhase section */

/* Begin PBXGroup section */
		210148DB206EFF40007AE807 = {
			isa = PBXGroup;
			children = (
				210148E6206EFF40007AE807 /* fbStremAnimation */,
				210148E5206EFF40007AE807 /* Products */,
			);
			sourceTree = "<group>";
		};
		210148E5206EFF40007AE807 /* Products */ = {
			isa = PBXGroup;
			children = (
				210148E4206EFF40007AE807 /* fun-projects.app */,
			);
			name = Products;
			sourceTree = "<group>";
		};
		210148E6206EFF40007AE807 /* fbStremAnimation */ = {
			isa = PBXGroup;
			children = (
				210148E7206EFF40007AE807 /* AppDelegate.swift */,
				210148E9206EFF40007AE807 /* FbAnimation.swift */,
				210148FB206F2ED0007AE807 /* MagicalGrid.swift */,
				210148F9206EFFF0007AE807 /* CurvedView.swift */,
				210148EE206EFF40007AE807 /* Assets.xcassets */,
				210148F0206EFF40007AE807 /* LaunchScreen.storyboard */,
				210148F3206EFF40007AE807 /* Info.plist */,
			);
			path = fbStremAnimation;
			sourceTree = "<group>";
		};
/* End PBXGroup section */

/* Begin PBXNativeTarget section */
		210148E3206EFF40007AE807 /* fun-projects */ = {
			isa = PBXNativeTarget;
			buildConfigurationList = 210148F6206EFF40007AE807 /* Build configuration list for PBXNativeTarget "fun-projects" */;
			buildPhases = (
				210148E0206EFF40007AE807 /* Sources */,
				210148E1206EFF40007AE807 /* Frameworks */,
				210148E2206EFF40007AE807 /* Resources */,
			);
			buildRules = (
			);
			dependencies = (
			);
			name = "fun-projects";
			productName = fbStremAnimation;
			productReference = 210148E4206EFF40007AE807 /* fun-projects.app */;
			productType = "com.apple.product-type.application";
		};
/* End PBXNativeTarget section */

/* Begin PBXProject section */
		210148DC206EFF40007AE807 /* Project object */ = {
			isa = PBXProject;
			attributes = {
				LastSwiftUpdateCheck = 0920;
				LastUpgradeCheck = 0920;
				ORGANIZATIONNAME = "Ahmed Eid";
				TargetAttributes = {
					210148E3206EFF40007AE807 = {
						CreatedOnToolsVersion = 9.2;
						ProvisioningStyle = Automatic;
					};
				};
			};
			buildConfigurationList = 210148DF206EFF40007AE807 /* Build configuration list for PBXProject "fun-projects" */;
			compatibilityVersion = "Xcode 8.0";
			developmentRegion = en;
			hasScannedForEncodings = 0;
			knownRegions = (
				en,
				Base,
			);
			mainGroup = 210148DB206EFF40007AE807;
			productRefGroup = 210148E5206EFF40007AE807 /* Products */;
			projectDirPath = "";
			projectRoot = "";
			targets = (
				210148E3206EFF40007AE807 /* fun-projects */,
			);
		};
/* End PBXProject section */

/* Begin PBXResourcesBuildPhase section */
		210148E2206EFF40007AE807 /* Resources */ = {
			isa = PBXResourcesBuildPhase;
			buildActionMask = 2147483647;
			files = (
				210148F2206EFF40007AE807 /* LaunchScreen.storyboard in Resources */,
				210148EF206EFF40007AE807 /* Assets.xcassets in Resources */,
			);
			runOnlyForDeploymentPostprocessing = 0;
		};
/* End PBXResourcesBuildPhase section */

/* Begin PBXSourcesBuildPhase section */
		210148E0206EFF40007AE807 /* Sources */ = {
			isa = PBXSourcesBuildPhase;
			buildActionMask = 2147483647;
			files = (
				210148FC206F2ED0007AE807 /* MagicalGrid.swift in Sources */,
				210148EA206EFF40007AE807 /* FbAnimation.swift in Sources */,
				210148FA206EFFF0007AE807 /* CurvedView.swift in Sources */,
				210148E8206EFF40007AE807 /* AppDelegate.swift in Sources */,
			);
			runOnlyForDeploymentPostprocessing = 0;
		};
/* End PBXSourcesBuildPhase section */

/* Begin PBXVariantGroup section */
		210148F0206EFF40007AE807 /* LaunchScreen.storyboard */ = {
			isa = PBXVariantGroup;
			children = (
				210148F1206EFF40007AE807 /* Base */,
			);
			name = LaunchScreen.storyboard;
			sourceTree = "<group>";
		};
/* End PBXVariantGroup section */

/* Begin XCBuildConfiguration section */
		210148F4206EFF40007AE807 /* Debug */ = {
			isa = XCBuildConfiguration;
			buildSettings = {
				ALWAYS_SEARCH_USER_PATHS = NO;
				CLANG_ANALYZER_NONNULL = YES;
				CLANG_ANALYZER_NUMBER_OBJECT_CONVERSION = YES_AGGRESSIVE;
				CLANG_CXX_LANGUAGE_STANDARD = "gnu++14";
				CLANG_CXX_LIBRARY = "libc++";
				CLANG_ENABLE_MODULES = YES;
				CLANG_ENABLE_OBJC_ARC = YES;
				CLANG_WARN_BLOCK_CAPTURE_AUTORELEASING = YES;
				CLANG_WARN_BOOL_CONVERSION = YES;
				CLANG_WARN_COMMA = YES;
				CLANG_WARN_CONSTANT_CONVERSION = YES;
				CLANG_WARN_DIRECT_OBJC_ISA_USAGE = YES_ERROR;
				CLANG_WARN_DOCUMENTATION_COMMENTS = YES;
				CLANG_WARN_EMPTY_BODY = YES;
				CLANG_WARN_ENUM_CONVERSION = YES;
				CLANG_WARN_INFINITE_RECURSION = YES;
				CLANG_WARN_INT_CONVERSION = YES;
				CLANG_WARN_NON_LITERAL_NULL_CONVERSION = YES;
				CLANG_WARN_OBJC_LITERAL_CONVERSION = YES;
				CLANG_WARN_OBJC_ROOT_CLASS = YES_ERROR;
				CLANG_WARN_RANGE_LOOP_ANALYSIS = YES;
				CLANG_WARN_STRICT_PROTOTYPES = YES;
				CLANG_WARN_SUSPICIOUS_MOVE = YES;
				CLANG_WARN_UNGUARDED_AVAILABILITY = YES_AGGRESSIVE;
				CLANG_WARN_UNREACHABLE_CODE = YES;
				CLANG_WARN__DUPLICATE_METHOD_MATCH = YES;
				CODE_SIGN_IDENTITY = "iPhone Developer";
				COPY_PHASE_STRIP = NO;
				DEBUG_INFORMATION_FORMAT = dwarf;
				ENABLE_STRICT_OBJC_MSGSEND = YES;
				ENABLE_TESTABILITY = YES;
				GCC_C_LANGUAGE_STANDARD = gnu11;
				GCC_DYNAMIC_NO_PIC = NO;
				GCC_NO_COMMON_BLOCKS = YES;
				GCC_OPTIMIZATION_LEVEL = 0;
				GCC_PREPROCESSOR_DEFINITIONS = (
					"DEBUG=1",
					"$(inherited)",
				);
				GCC_WARN_64_TO_32_BIT_CONVERSION = YES;
				GCC_WARN_ABOUT_RETURN_TYPE = YES_ERROR;
				GCC_WARN_UNDECLARED_SELECTOR = YES;
				GCC_WARN_UNINITIALIZED_AUTOS = YES_AGGRESSIVE;
				GCC_WARN_UNUSED_FUNCTION = YES;
				GCC_WARN_UNUSED_VARIABLE = YES;
				IPHONEOS_DEPLOYMENT_TARGET = 11.2;
				MTL_ENABLE_DEBUG_INFO = YES;
				ONLY_ACTIVE_ARCH = YES;
				SDKROOT = iphoneos;
				SWIFT_ACTIVE_COMPILATION_CONDITIONS = DEBUG;
				SWIFT_OPTIMIZATION_LEVEL = "-Onone";
			};
			name = Debug;
		};
		210148F5206EFF40007AE807 /* Release */ = {
			isa = XCBuildConfiguration;
			buildSettings = {
				ALWAYS_SEARCH_USER_PATHS = NO;
				CLANG_ANALYZER_NONNULL = YES;
				CLANG_ANALYZER_NUMBER_OBJECT_CONVERSION = YES_AGGRESSIVE;
				CLANG_CXX_LANGUAGE_STANDARD = "gnu++14";
				CLANG_CXX_LIBRARY = "libc++";
				CLANG_ENABLE_MODULES = YES;
				CLANG_ENABLE_OBJC_ARC = YES;
				CLANG_WARN_BLOCK_CAPTURE_AUTORELEASING = YES;
				CLANG_WARN_BOOL_CONVERSION = YES;
				CLANG_WARN_COMMA = YES;
				CLANG_WARN_CONSTANT_CONVERSION = YES;
				CLANG_WARN_DIRECT_OBJC_ISA_USAGE = YES_ERROR;
				CLANG_WARN_DOCUMENTATION_COMMENTS = YES;
				CLANG_WARN_EMPTY_BODY = YES;
				CLANG_WARN_ENUM_CONVERSION = YES;
				CLANG_WARN_INFINITE_RECURSION = YES;
				CLANG_WARN_INT_CONVERSION = YES;
				CLANG_WARN_NON_LITERAL_NULL_CONVERSION = YES;
				CLANG_WARN_OBJC_LITERAL_CONVERSION = YES;
				CLANG_WARN_OBJC_ROOT_CLASS = YES_ERROR;
				CLANG_WARN_RANGE_LOOP_ANALYSIS = YES;
				CLANG_WARN_STRICT_PROTOTYPES = YES;
				CLANG_WARN_SUSPICIOUS_MOVE = YES;
				CLANG_WARN_UNGUARDED_AVAILABILITY = YES_AGGRESSIVE;
				CLANG_WARN_UNREACHABLE_CODE = YES;
				CLANG_WARN__DUPLICATE_METHOD_MATCH = YES;
				CODE_SIGN_IDENTITY = "iPhone Developer";
				COPY_PHASE_STRIP = NO;
				DEBUG_INFORMATION_FORMAT = "dwarf-with-dsym";
				ENABLE_NS_ASSERTIONS = NO;
				ENABLE_STRICT_OBJC_MSGSEND = YES;
				GCC_C_LANGUAGE_STANDARD = gnu11;
				GCC_NO_COMMON_BLOCKS = YES;
				GCC_WARN_64_TO_32_BIT_CONVERSION = YES;
				GCC_WARN_ABOUT_RETURN_TYPE = YES_ERROR;
				GCC_WARN_UNDECLARED_SELECTOR = YES;
				GCC_WARN_UNINITIALIZED_AUTOS = YES_AGGRESSIVE;
				GCC_WARN_UNUSED_FUNCTION = YES;
				GCC_WARN_UNUSED_VARIABLE = YES;
				IPHONEOS_DEPLOYMENT_TARGET = 11.2;
				MTL_ENABLE_DEBUG_INFO = NO;
				SDKROOT = iphoneos;
				SWIFT_OPTIMIZATION_LEVEL = "-Owholemodule";
				VALIDATE_PRODUCT = YES;
			};
			name = Release;
		};
		210148F7206EFF40007AE807 /* Debug */ = {
			isa = XCBuildConfiguration;
			buildSettings = {
				ASSETCATALOG_COMPILER_APPICON_NAME = AppIcon;
				CODE_SIGN_STYLE = Automatic;
				DEVELOPMENT_TEAM = 5UJXZ3RWHA;
				INFOPLIST_FILE = fbStremAnimation/Info.plist;
				LD_RUNPATH_SEARCH_PATHS = "$(inherited) @executable_path/Frameworks";
				PRODUCT_BUNDLE_IDENTIFIER = "a-eid.com.github.fbStremAnimation";
				PRODUCT_NAME = "$(TARGET_NAME)";
				SWIFT_VERSION = 4.0;
				TARGETED_DEVICE_FAMILY = "1,2";
			};
			name = Debug;
		};
		210148F8206EFF40007AE807 /* Release */ = {
			isa = XCBuildConfiguration;
			buildSettings = {
				ASSETCATALOG_COMPILER_APPICON_NAME = AppIcon;
				CODE_SIGN_STYLE = Automatic;
				DEVELOPMENT_TEAM = 5UJXZ3RWHA;
				INFOPLIST_FILE = fbStremAnimation/Info.plist;
				LD_RUNPATH_SEARCH_PATHS = "$(inherited) @executable_path/Frameworks";
				PRODUCT_BUNDLE_IDENTIFIER = "a-eid.com.github.fbStremAnimation";
				PRODUCT_NAME = "$(TARGET_NAME)";
				SWIFT_VERSION = 4.0;
				TARGETED_DEVICE_FAMILY = "1,2";
			};
			name = Release;
		};
/* End XCBuildConfiguration section */

/* Begin XCConfigurationList section */
		210148DF206EFF40007AE807 /* Build configuration list for PBXProject "fun-projects" */ = {
			isa = XCConfigurationList;
			buildConfigurations = (
				210148F4206EFF40007AE807 /* Debug */,
				210148F5206EFF40007AE807 /* Release */,
			);
			defaultConfigurationIsVisible = 0;
			defaultConfigurationName = Release;
		};
		210148F6206EFF40007AE807 /* Build configuration list for PBXNativeTarget "fun-projects" */ = {
			isa = XCConfigurationList;
			buildConfigurations = (
				210148F7206EFF40007AE807 /* Debug */,
				210148F8206EFF40007AE807 /* Release */,
			);
			defaultConfigurationIsVisible = 0;
			defaultConfigurationName = Release;
		};
/* End XCConfigurationList section */
	};
	rootObject = 210148DC206EFF40007AE807 /* Project object */;
}
